{
  "name": "@vscode/ts-package-manager",
  "version": "0.0.2",
  "lockfileVersion": 3,
  "requires": true,
  "packages": {
    "": {
      "name": "@vscode/ts-package-manager",
      "version": "0.0.2",
      "license": "MIT",
      "dependencies": {
        "node-maintainer": "^0.3.33"
      },
      "devDependencies": {
        "@types/node": "^20.5.6",
        "typescript": "^5.2.2"
      },
      "engines": {
        "node": "*"
      }
    },
    "node_modules/@types/node": {
      "version": "20.5.6",
      "resolved": "https://registry.npmjs.org/@types/node/-/node-20.5.6.tgz",
      "integrity": "sha512-Gi5wRGPbbyOTX+4Y2iULQ27oUPrefaB0PxGQJnfyWN3kvEDGM3mIB5M/gQLmitZf7A9FmLeaqxD3L1CXpm3VKQ==",
      "dev": true
    },
    "node_modules/node-maintainer": {
      "version": "0.3.33",
      "resolved": "https://registry.npmjs.org/node-maintainer/-/node-maintainer-0.3.33.tgz",
      "integrity": "sha512-ITe33dICm1VmqBtYBoJ8ekCCNma4n9sKlIThqm8lMxTNvEGfE2XqPfBYkSkG2iG8Qjyegujmze6RBtc+EKkEDA=="
    },
    "node_modules/typescript": {
      "version": "5.2.2",
      "resolved": "https://registry.npmjs.org/typescript/-/typescript-5.2.2.tgz",
      "integrity": "sha512-mI4WrpHsbCIcwT9cF4FZvr80QUeKvsUsUvKDoR+X/7XHQH98xYD8YHZg7ANtz2GtZt/CBq2QJ0thkGJMHfqc1w==",
      "dev": true,
      "bin": {
        "tsc": "bin/tsc",
        "tsserver": "bin/tsserver"
      },
      "engines": {
        "node": ">=14.17"
      }
    }
  }
}
