{
  "name": "@vscode/ts-package-manager",
  "version": "0.0.3",
  "lockfileVersion": 3,
  "requires": true,
  "packages": {
    "": {
      "name": "@vscode/ts-package-manager",
      "version": "0.0.3",
      "license": "MIT",
      "dependencies": {
        "node-maintainer": "^0.3.34"
      },
      "devDependencies": {
        "@types/node": "^20.5.6",
        "typescript": "^5.4.5"
      },
      "engines": {
        "node": "*"
      }
    },
    "node_modules/@types/node": {
      "version": "20.5.6",
      "resolved": "https://registry.npmjs.org/@types/node/-/node-20.5.6.tgz",
      "integrity": "sha512-Gi5wRGPbbyOTX+4Y2iULQ27oUPrefaB0PxGQJnfyWN3kvEDGM3mIB5M/gQLmitZf7A9FmLeaqxD3L1CXpm3VKQ==",
      "dev": true
    },
    "node_modules/node-maintainer": {
      "version": "0.3.34",
      "resolved": "https://registry.npmjs.org/node-maintainer/-/node-maintainer-0.3.34.tgz",
      "integrity": "sha512-BQFnWTbY6dav80ket4oOJMetyaXUGw8qzo+G61XQzjNPrJwAC+SZQyyxOHrgIXQ9HWZWo05OFQsBMiwBJnEBXQ=="
    },
    "node_modules/typescript": {
      "version": "5.4.5",
      "resolved": "https://registry.npmjs.org/typescript/-/typescript-5.4.5.tgz",
      "integrity": "sha512-vcI4UpRgg81oIRUFwR0WSIHKt11nJ7SAVlYNIu+QpqeyXP+gpQJy/Z4+F0aGxSE4MqwjyXvW/TzgkLAx2AGHwQ==",
      "dev": true,
      "bin": {
        "tsc": "bin/tsc",
        "tsserver": "bin/tsserver"
      },
      "engines": {
        "node": ">=14.17"
      }
    }
  }
}
